
Microsoft Visual Studio Solution File, Format Version 12.00
# Visual Studio 15
VisualStudioVersion = 15.0.27428.2037
MinimumVisualStudioVersion = 10.0.40219.1
Project("{9A19103F-16F7-4668-BE54-9A1E7A4F7556}") = "ZSZ.MVC", "ZSZ.MVC\ZSZ.MVC.csproj", "{AD72F467-4D76-4437-B700-30DC5C2BE44C}"
EndProject
Project("{9A19103F-16F7-4668-BE54-9A1E7A4F7556}") = "ZSZ.Common", "ZSZ.Common\ZSZ.Common.csproj", "{EAB9BDAC-47B2-4F27-97A3-C9D0BBAE3308}"
EndProject
Project("{9A19103F-16F7-4668-BE54-9A1E7A4F7556}") = "ZSZ.Test", "ZSZ.Test\ZSZ.Test.csproj", "{D8443BFD-EA69-47A0-9585-C26A5AA0E268}"
EndProject
Project("{9A19103F-16F7-4668-BE54-9A1E7A4F7556}") = "ZSZ.Model", "ZSZ.Model\ZSZ.Model.csproj", "{9A6F69EE-6350-48CC-B103-6E1E22CF212B}"
EndProject
Project("{9A19103F-16F7-4668-BE54-9A1E7A4F7556}") = "ZSZ.IBll", "ZSZ.IBll\ZSZ.IBll.csproj", "{C560B6D7-4764-42A6-9111-9D510B22B89E}"
EndProject
Project("{9A19103F-16F7-4668-BE54-9A1E7A4F7556}") = "ZSZ.Bll", "ZSZ.Bll\ZSZ.Bll.csproj", "{B7DC9FC9-FAB0-41B6-BF45-901D9E3AE62D}"
EndProject
Project("{9A19103F-16F7-4668-BE54-9A1E7A4F7556}") = "ZSZ.Dal", "ZSZ.Dal\ZSZ.Dal.csproj", "{5384A8C6-731D-45A2-8945-428F6450E447}"
EndProject
Project("{2150E333-8FDC-42A3-9474-1A3956D46DE8}") = "tests", "tests", "{8654D851-7890-41AC-BDFC-6031C83E86F3}"
EndProject
Project("{FAE04EC0-301F-11D3-BF4B-00C04F79EFBC}") = "TestWeb", "TestWeb\TestWeb.csproj", "{3F3D1406-5FAF-407E-9461-1F634FDCA6D2}"
EndProject
Project("{FAE04EC0-301F-11D3-BF4B-00C04F79EFBC}") = "TestIService", "TestIService\TestIService.csproj", "{D4455422-0823-44F3-850D-F46FF3FAEEEE}"
EndProject
Project("{FAE04EC0-301F-11D3-BF4B-00C04F79EFBC}") = "TestService", "TestService\TestService.csproj", "{77ADC0F9-D1F3-4E26-B453-2A9DDA0864AF}"
EndProject
Global
	GlobalSection(SolutionConfigurationPlatforms) = preSolution
		Debug|Any CPU = Debug|Any CPU
		Release|Any CPU = Release|Any CPU
	EndGlobalSection
	GlobalSection(ProjectConfigurationPlatforms) = postSolution
		{AD72F467-4D76-4437-B700-30DC5C2BE44C}.Debug|Any CPU.ActiveCfg = Debug|Any CPU
		{AD72F467-4D76-4437-B700-30DC5C2BE44C}.Debug|Any CPU.Build.0 = Debug|Any CPU
		{AD72F467-4D76-4437-B700-30DC5C2BE44C}.Release|Any CPU.ActiveCfg = Release|Any CPU
		{AD72F467-4D76-4437-B700-30DC5C2BE44C}.Release|Any CPU.Build.0 = Release|Any CPU
		{EAB9BDAC-47B2-4F27-97A3-C9D0BBAE3308}.Debug|Any CPU.ActiveCfg = Debug|Any CPU
		{EAB9BDAC-47B2-4F27-97A3-C9D0BBAE3308}.Debug|Any CPU.Build.0 = Debug|Any CPU
		{EAB9BDAC-47B2-4F27-97A3-C9D0BBAE3308}.Release|Any CPU.ActiveCfg = Release|Any CPU
		{EAB9BDAC-47B2-4F27-97A3-C9D0BBAE3308}.Release|Any CPU.Build.0 = Release|Any CPU
		{D8443BFD-EA69-47A0-9585-C26A5AA0E268}.Debug|Any CPU.ActiveCfg = Debug|Any CPU
		{D8443BFD-EA69-47A0-9585-C26A5AA0E268}.Debug|Any CPU.Build.0 = Debug|Any CPU
		{D8443BFD-EA69-47A0-9585-C26A5AA0E268}.Release|Any CPU.ActiveCfg = Release|Any CPU
		{D8443BFD-EA69-47A0-9585-C26A5AA0E268}.Release|Any CPU.Build.0 = Release|Any CPU
		{9A6F69EE-6350-48CC-B103-6E1E22CF212B}.Debug|Any CPU.ActiveCfg = Debug|Any CPU
		{9A6F69EE-6350-48CC-B103-6E1E22CF212B}.Debug|Any CPU.Build.0 = Debug|Any CPU
		{9A6F69EE-6350-48CC-B103-6E1E22CF212B}.Release|Any CPU.ActiveCfg = Release|Any CPU
		{9A6F69EE-6350-48CC-B103-6E1E22CF212B}.Release|Any CPU.Build.0 = Release|Any CPU
		{C560B6D7-4764-42A6-9111-9D510B22B89E}.Debug|Any CPU.ActiveCfg = Debug|Any CPU
		{C560B6D7-4764-42A6-9111-9D510B22B89E}.Debug|Any CPU.Build.0 = Debug|Any CPU
		{C560B6D7-4764-42A6-9111-9D510B22B89E}.Release|Any CPU.ActiveCfg = Release|Any CPU
		{C560B6D7-4764-42A6-9111-9D510B22B89E}.Release|Any CPU.Build.0 = Release|Any CPU
		{B7DC9FC9-FAB0-41B6-BF45-901D9E3AE62D}.Debug|Any CPU.ActiveCfg = Debug|Any CPU
		{B7DC9FC9-FAB0-41B6-BF45-901D9E3AE62D}.Debug|Any CPU.Build.0 = Debug|Any CPU
		{B7DC9FC9-FAB0-41B6-BF45-901D9E3AE62D}.Release|Any CPU.ActiveCfg = Release|Any CPU
		{B7DC9FC9-FAB0-41B6-BF45-901D9E3AE62D}.Release|Any CPU.Build.0 = Release|Any CPU
		{5384A8C6-731D-45A2-8945-428F6450E447}.Debug|Any CPU.ActiveCfg = Debug|Any CPU
		{5384A8C6-731D-45A2-8945-428F6450E447}.Debug|Any CPU.Build.0 = Debug|Any CPU
		{5384A8C6-731D-45A2-8945-428F6450E447}.Release|Any CPU.ActiveCfg = Release|Any CPU
		{5384A8C6-731D-45A2-8945-428F6450E447}.Release|Any CPU.Build.0 = Release|Any CPU
		{3F3D1406-5FAF-407E-9461-1F634FDCA6D2}.Debug|Any CPU.ActiveCfg = Debug|Any CPU
		{3F3D1406-5FAF-407E-9461-1F634FDCA6D2}.Debug|Any CPU.Build.0 = Debug|Any CPU
		{3F3D1406-5FAF-407E-9461-1F634FDCA6D2}.Release|Any CPU.ActiveCfg = Release|Any CPU
		{3F3D1406-5FAF-407E-9461-1F634FDCA6D2}.Release|Any CPU.Build.0 = Release|Any CPU
		{D4455422-0823-44F3-850D-F46FF3FAEEEE}.Debug|Any CPU.ActiveCfg = Debug|Any CPU
		{D4455422-0823-44F3-850D-F46FF3FAEEEE}.Debug|Any CPU.Build.0 = Debug|Any CPU
		{D4455422-0823-44F3-850D-F46FF3FAEEEE}.Release|Any CPU.ActiveCfg = Release|Any CPU
		{D4455422-0823-44F3-850D-F46FF3FAEEEE}.Release|Any CPU.Build.0 = Release|Any CPU
		{77ADC0F9-D1F3-4E26-B453-2A9DDA0864AF}.Debug|Any CPU.ActiveCfg = Debug|Any CPU
		{77ADC0F9-D1F3-4E26-B453-2A9DDA0864AF}.Debug|Any CPU.Build.0 = Debug|Any CPU
		{77ADC0F9-D1F3-4E26-B453-2A9DDA0864AF}.Release|Any CPU.ActiveCfg = Release|Any CPU
		{77ADC0F9-D1F3-4E26-B453-2A9DDA0864AF}.Release|Any CPU.Build.0 = Release|Any CPU
	EndGlobalSection
	GlobalSection(SolutionProperties) = preSolution
		HideSolutionNode = FALSE
	EndGlobalSection
	GlobalSection(NestedProjects) = preSolution
		{3F3D1406-5FAF-407E-9461-1F634FDCA6D2} = {8654D851-7890-41AC-BDFC-6031C83E86F3}
		{D4455422-0823-44F3-850D-F46FF3FAEEEE} = {8654D851-7890-41AC-BDFC-6031C83E86F3}
		{77ADC0F9-D1F3-4E26-B453-2A9DDA0864AF} = {8654D851-7890-41AC-BDFC-6031C83E86F3}
	EndGlobalSection
	GlobalSection(ExtensibilityGlobals) = postSolution
		SolutionGuid = {1845BFCF-4FB1-4977-9089-151F938B270D}
	EndGlobalSection
EndGlobal
